
Microsoft Visual Studio Solution File, Format Version 12.00
# Visual Studio Version 16
VisualStudioVersion = 16.0.30320.27
MinimumVisualStudioVersion = 10.0.40219.1
Project("{2150E333-8FDC-42A3-9474-1A3956D46DE8}") = "src", "src", "{A5FE032C-A195-4AD4-A8D6-4FAF1A50E3A3}"
EndProject
Project("{2150E333-8FDC-42A3-9474-1A3956D46DE8}") = "tests", "tests", "{E909D4C9-EA6B-44B5-A004-0F896752284F}"
EndProject
Project("{9A19103F-16F7-4668-BE54-9A1E7A4F7556}") = "DataIngestion.TestAssignment", "DataIngestion.TestAssignment.csproj", "{81756303-2272-459E-A893-5EF6772282F0}"
EndProject
Project("{2150E333-8FDC-42A3-9474-1A3956D46DE8}") = "Models", "Models", "{11C1C3FF-B3D0-4898-ABDA-237780B5C6D0}"
	ProjectSection(SolutionItems) = preProject
		Artist.cs = Artist.cs
		ArtistCollection.cs = ArtistCollection.cs
		Collection.cs = Collection.cs
		CollectionMatch.cs = CollectionMatch.cs
		resultObject.cs = resultObject.cs
	EndProjectSection
EndProject
Project("{2150E333-8FDC-42A3-9474-1A3956D46DE8}") = "Controller", "Controller", "{5F6D1250-08B3-430A-818E-19596526E4B0}"
EndProject
Global
	GlobalSection(SolutionConfigurationPlatforms) = preSolution
		Debug|Any CPU = Debug|Any CPU
		Release|Any CPU = Release|Any CPU
	EndGlobalSection
	GlobalSection(ProjectConfigurationPlatforms) = postSolution
		{81756303-2272-459E-A893-5EF6772282F0}.Debug|Any CPU.ActiveCfg = Debug|Any CPU
		{81756303-2272-459E-A893-5EF6772282F0}.Debug|Any CPU.Build.0 = Debug|Any CPU
		{81756303-2272-459E-A893-5EF6772282F0}.Release|Any CPU.ActiveCfg = Release|Any CPU
		{81756303-2272-459E-A893-5EF6772282F0}.Release|Any CPU.Build.0 = Release|Any CPU
	EndGlobalSection
	GlobalSection(SolutionProperties) = preSolution
		HideSolutionNode = FALSE
	EndGlobalSection
	GlobalSection(NestedProjects) = preSolution
		{81756303-2272-459E-A893-5EF6772282F0} = {A5FE032C-A195-4AD4-A8D6-4FAF1A50E3A3}
		{11C1C3FF-B3D0-4898-ABDA-237780B5C6D0} = {A5FE032C-A195-4AD4-A8D6-4FAF1A50E3A3}
		{5F6D1250-08B3-430A-818E-19596526E4B0} = {A5FE032C-A195-4AD4-A8D6-4FAF1A50E3A3}
	EndGlobalSection
	GlobalSection(ExtensibilityGlobals) = postSolution
		SolutionGuid = {5416B5EF-27BA-4E96-B8FA-4B0110910737}
	EndGlobalSection
EndGlobal
